{
  "version": 4,
  "terraform_version": "1.3.7",
  "serial": 39,
  "lineage": "3a46a599-19bd-0315-236d-bd4a2527de64",
  "outputs": {},
  "resources": [
    {
      "module": "module.google_GKE-cluster",
      "mode": "managed",
      "type": "google_container_cluster",
      "name": "private-cluster",
      "provider": "provider[\"registry.terraform.io/hashicorp/google\"]",
      "instances": [
        {
          "schema_version": 1,
          "attributes": {
            "addons_config": [
              {
                "cloudrun_config": [],
                "dns_cache_config": [],
                "gce_persistent_disk_csi_driver_config": [
                  {
                    "enabled": true
                  }
                ],
                "gcp_filestore_csi_driver_config": [],
                "gke_backup_agent_config": [],
                "horizontal_pod_autoscaling": [],
                "http_load_balancing": [],
                "network_policy_config": [
                  {
                    "disabled": true
                  }
                ]
              }
            ],
            "authenticator_groups_config": [],
            "binary_authorization": [
              {
                "enabled": false,
                "evaluation_mode": ""
              }
            ],
            "cluster_autoscaling": [
              {
                "auto_provisioning_defaults": [],
                "enabled": false,
                "resource_limits": []
              }
            ],
            "cluster_ipv4_cidr": "10.164.0.0/14",
            "confidential_nodes": [],
            "cost_management_config": [],
            "database_encryption": [
              {
                "key_name": "",
                "state": "DECRYPTED"
              }
            ],
            "datapath_provider": "",
            "default_max_pods_per_node": 110,
            "default_snat_status": [
              {
                "disabled": false
              }
            ],
            "description": "",
            "dns_config": [],
            "enable_autopilot": false,
            "enable_binary_authorization": false,
            "enable_intranode_visibility": false,
            "enable_kubernetes_alpha": false,
            "enable_l4_ilb_subsetting": false,
            "enable_legacy_abac": false,
            "enable_shielded_nodes": true,
            "enable_tpu": false,
            "endpoint": "172.16.0.2",
            "gateway_api_config": [],
            "id": "projects/mahmoud-ibrahim-2-project/locations/us-central1-b/clusters/private-cluster",
            "initial_node_count": 1,
            "ip_allocation_policy": [
              {
                "cluster_ipv4_cidr_block": "10.164.0.0/14",
                "cluster_secondary_range_name": "gke-private-cluster-pods-7ff155f8",
                "services_ipv4_cidr_block": "10.168.0.0/20",
                "services_secondary_range_name": "gke-private-cluster-services-7ff155f8"
              }
            ],
            "label_fingerprint": "a9dc16a7",
            "location": "us-central1-b",
            "logging_config": [
              {
                "enable_components": [
                  "SYSTEM_COMPONENTS",
                  "WORKLOADS"
                ]
              }
            ],
            "logging_service": "logging.googleapis.com/kubernetes",
            "maintenance_policy": [],
            "master_auth": [
              {
                "client_certificate": "",
                "client_certificate_config": [
                  {
                    "issue_client_certificate": false
                  }
                ],
                "client_key": "",
                "cluster_ca_certificate": "LS0tLS1CRUdJTiBDRVJUSUZJQ0FURS0tLS0tCk1JSUVMVENDQXBXZ0F3SUJBZ0lSQUliTGRmZWtJRG83Umg0N2t2OTkyRUl3RFFZSktvWklodmNOQVFFTEJRQXcKTHpFdE1Dc0dBMVVFQXhNa01qazJOVGRsTjJNdE1UQm1NeTAwTWpGakxUazNZbVF0TkdZME5qYzVNMkl6TXpSaQpNQ0FYRFRJek1ERXlOakV6TVRrMU5Wb1lEekl3TlRNd01URTRNVFF4T1RVMVdqQXZNUzB3S3dZRFZRUURFeVF5Ck9UWTFOMlUzWXkweE1HWXpMVFF5TVdNdE9UZGlaQzAwWmpRMk56a3pZak16TkdJd2dnR2lNQTBHQ1NxR1NJYjMKRFFFQkFRVUFBNElCandBd2dnR0tBb0lCZ1FEVUh4amZYbnZIMkRPMUUraTI5S2hQcVFXYVNBNyt5T2lVSDZkVApvcmJhd21jcWpRNDVoS1lqZGlyQ0c1U0dmczVPcFYzeXNjWTlZdXdGaTdOdnVBRklteDlUcEJhK2tmem5aSkxGClkzUWpuUnZ6aDgza3liWUVFRHMwZkdKV2NhcXRwaVRnWHNKMmRucFZ5ZzE1dTVvVXozNU1UblJrVUZuRHV0bksKV1BoeUFuQS9ZVnd3eFUxclVCWlYyd2NOZnl5enNNbVhnZnNmTXpJWGJicWhia0JEZVU5SlFUQlJBRWFiN25NWApHY3Y3OHZxL0RqYkFleWlwZGpKaXdEUDNuSXhBclJydG5WMVJQdE1TT0xYcEFlSVFHYVJydnRTUENxWTQzTk5UCkR0c25JNWV3MkpsOFRSbnNXNEN1cDFyTURMaFkyNUxaV3RZODg2aGc0eG56SmQ5QWtLYUpLU3V5RUcyZ0M3bFMKcnNTRTVMQlo0Y1dCcG94THpKM1FnNk14SFVnM1hQaGpMYXFQb3dUNGRGRWtmSndQN3FTc2ovSGNna3JPaWNOUApvckhwMUh3eWV3WHFFRjlBMEx1eVpndnk5bzllUFZTOGdvN1hXN0oydVJBdCtvaWdLV1RnaFovNEJDdzVHcERWCmFDR3pUeHdOWHovNGtUYXIyLzhaNTBVZU0xc0NBd0VBQWFOQ01FQXdEZ1lEVlIwUEFRSC9CQVFEQWdJRU1BOEcKQTFVZEV3RUIvd1FGTUFNQkFmOHdIUVlEVlIwT0JCWUVGRDIzNERzUFUrbFQxaW9VS2czbHd4MnR1dXllTUEwRwpDU3FHU0liM0RRRUJDd1VBQTRJQmdRQW5VUVVuT3ZBRTU1dTA4WWx6bVRMcml6V2dYTHZSUm00Si9yd29PUElECjJBdCs2T3FDTWN3Ymovb0w0VHo2YWRQdVR5KzJLS1FkaTBUZ2R1dXBhcmp2RGdLNjVjSGV2SVlTVFFCRkZBbXMKYjJIQWc4NFMxWjBhUnJxaEYrQ3lkVkdPQVlQU0FXQlcwSGVmVlc3eUJwRG5mSmE4di9hdXRka0dydUFwTis0RgpyckUyekNLOEFtTkZ3cFZFVnpwQk1aVlg1b0VZSmMrRkYyVWd2Y01vbkVYb3hNaDBUNEs0V2dQdFp3d1VXQzNMCjBiN0FYWXQ5ck8vT0VSNUQwQmdnblJOcWpXT3djdFVQek8wNFdEdkpHVm1HUDZnYko1WXZzVzA0cDJmQml2cTIKeDEzVkRqWmRZZFFBYWwrUytHUTFjVVlOSFBic01weW10Q1hKLzljRmNBZlJ4T05xa05oeG04aGZoa3djZmxtUgp0SmxHVkVWYzc3OElTRkFERjVnOVVQLzRVdlBMWTR1bEdFK3dCSTA5NUpwcGhPZy9QbTVCQTZ5ZFVweEVMT3oxCnRUU2pQd1FxcnUzRU9hUUFBK2NLc3NVeC9PQkN6VG83ZnhkZG9aNWNiL1dEeDVWcnNMZitEVndxamE0dk8xTjgKT0lyenRXRkRoWFBpWit4Qm1NWDVFSGM9Ci0tLS0tRU5EIENFUlRJRklDQVRFLS0tLS0K"
              }
            ],
            "master_authorized_networks_config": [
              {
                "cidr_blocks": [
                  {
                    "cidr_block": "10.0.1.0/24",
                    "display_name": ""
                  }
                ],
                "gcp_public_cidrs_access_enabled": false
              }
            ],
            "master_version": "1.24.8-gke.2000",
            "mesh_certificates": [],
            "min_master_version": null,
            "monitoring_config": [
              {
                "enable_components": [
                  "SYSTEM_COMPONENTS"
                ],
                "managed_prometheus": []
              }
            ],
            "monitoring_service": "monitoring.googleapis.com/kubernetes",
            "name": "private-cluster",
            "network": "projects/mahmoud-ibrahim-2-project/global/networks/vpc-1",
            "network_policy": [
              {
                "enabled": false,
                "provider": "PROVIDER_UNSPECIFIED"
              }
            ],
            "networking_mode": "VPC_NATIVE",
            "node_config": [],
            "node_locations": [],
            "node_pool": [],
            "node_pool_defaults": [
              {
                "node_config_defaults": [
                  {
                    "logging_variant": "DEFAULT"
                  }
                ]
              }
            ],
            "node_version": "1.24.8-gke.2000",
            "notification_config": [
              {
                "pubsub": [
                  {
                    "enabled": false,
                    "filter": [],
                    "topic": ""
                  }
                ]
              }
            ],
            "operation": null,
            "private_cluster_config": [
              {
                "enable_private_endpoint": true,
                "enable_private_nodes": true,
                "master_global_access_config": [
                  {
                    "enabled": false
                  }
                ],
                "master_ipv4_cidr_block": "172.16.0.0/28",
                "peering_name": "gke-n24deb51ae8efe5ed45b-b937-75ba-peer",
                "private_endpoint": "172.16.0.2",
                "private_endpoint_subnetwork": "",
                "public_endpoint": "34.132.135.169"
              }
            ],
            "private_ipv6_google_access": "",
            "project": "mahmoud-ibrahim-2-project",
            "release_channel": [
              {
                "channel": "REGULAR"
              }
            ],
            "remove_default_node_pool": true,
            "resource_labels": null,
            "resource_usage_export_config": [],
            "self_link": "https://container.googleapis.com/v1/projects/mahmoud-ibrahim-2-project/zones/us-central1-b/clusters/private-cluster",
            "service_external_ips_config": [
              {
                "enabled": false
              }
            ],
            "services_ipv4_cidr": "10.168.0.0/20",
            "subnetwork": "projects/mahmoud-ibrahim-2-project/regions/us-central1/subnetworks/restricted-subnet",
            "timeouts": null,
            "tpu_ipv4_cidr_block": "",
            "vertical_pod_autoscaling": [],
            "workload_identity_config": []
          },
          "sensitive_attributes": [],
          "private": "eyJlMmJmYjczMC1lY2FhLTExZTYtOGY4OC0zNDM2M2JjN2M0YzAiOnsiY3JlYXRlIjoyNDAwMDAwMDAwMDAwLCJkZWxldGUiOjI0MDAwMDAwMDAwMDAsInJlYWQiOjI0MDAwMDAwMDAwMDAsInVwZGF0ZSI6MzYwMDAwMDAwMDAwMH0sInNjaGVtYV92ZXJzaW9uIjoiMSJ9",
          "dependencies": [
            "module.google_service-account.google_service_account.service-account"
          ]
        }
      ]
    },
    {
      "module": "module.google_GKE-cluster",
      "mode": "managed",
      "type": "google_container_node_pool",
      "name": "private-cluster_node_pool",
      "provider": "provider[\"registry.terraform.io/hashicorp/google\"]",
      "instances": [
        {
          "schema_version": 1,
          "attributes": {
            "autoscaling": [],
            "cluster": "private-cluster",
            "id": "projects/mahmoud-ibrahim-2-project/locations/us-central1-b/clusters/private-cluster/nodePools/private-cluster--node-pool",
            "initial_node_count": 1,
            "instance_group_urls": [
              "https://www.googleapis.com/compute/v1/projects/mahmoud-ibrahim-2-project/zones/us-central1-b/instanceGroupManagers/gke-private-cluster-private-cluster---c2572f69-grp"
            ],
            "location": "us-central1-b",
            "managed_instance_group_urls": [
              "https://www.googleapis.com/compute/v1/projects/mahmoud-ibrahim-2-project/zones/us-central1-b/instanceGroups/gke-private-cluster-private-cluster---c2572f69-grp"
            ],
            "management": [
              {
                "auto_repair": true,
                "auto_upgrade": true
              }
            ],
            "max_pods_per_node": 110,
            "name": "private-cluster--node-pool",
            "name_prefix": "",
            "network_config": [
              {
                "create_pod_range": false,
                "enable_private_nodes": false,
                "pod_ipv4_cidr_block": "10.164.0.0/14",
                "pod_range": "gke-private-cluster-pods-7ff155f8"
              }
            ],
            "node_config": [
              {
                "boot_disk_kms_key": "",
                "disk_size_gb": 100,
                "disk_type": "pd-balanced",
                "gcfs_config": [],
                "guest_accelerator": [],
                "gvnic": [],
                "image_type": "COS_CONTAINERD",
                "kubelet_config": [],
                "labels": {},
                "linux_node_config": [],
                "local_ssd_count": 0,
                "logging_variant": "DEFAULT",
                "machine_type": "e2-micro",
                "metadata": {
                  "disable-legacy-endpoints": "true"
                },
                "min_cpu_platform": "",
                "node_group": "",
                "oauth_scopes": [
                  "https://www.googleapis.com/auth/cloud-platform"
                ],
                "preemptible": true,
                "reservation_affinity": [],
                "resource_labels": null,
                "service_account": "service-account@mahmoud-ibrahim-2-project.iam.gserviceaccount.com",
                "shielded_instance_config": [
                  {
                    "enable_integrity_monitoring": true,
                    "enable_secure_boot": false
                  }
                ],
                "spot": false,
                "tags": null,
                "taint": [],
                "workload_metadata_config": []
              }
            ],
            "node_count": 1,
            "node_locations": [
              "us-central1-b"
            ],
            "operation": null,
            "placement_policy": [],
            "project": "mahmoud-ibrahim-2-project",
            "timeouts": null,
            "upgrade_settings": [
              {
                "blue_green_settings": [],
                "max_surge": 1,
                "max_unavailable": 0,
                "strategy": "SURGE"
              }
            ],
            "version": "1.24.8-gke.2000"
          },
          "sensitive_attributes": [],
          "private": "eyJlMmJmYjczMC1lY2FhLTExZTYtOGY4OC0zNDM2M2JjN2M0YzAiOnsiY3JlYXRlIjoxODAwMDAwMDAwMDAwLCJkZWxldGUiOjE4MDAwMDAwMDAwMDAsInVwZGF0ZSI6MTgwMDAwMDAwMDAwMH0sInNjaGVtYV92ZXJzaW9uIjoiMSJ9",
          "dependencies": [
            "module.google_GKE-cluster.google_container_cluster.private-cluster",
            "module.google_service-account.google_service_account.service-account"
          ]
        }
      ]
    },
    {
      "module": "module.google_management-subnet",
      "mode": "managed",
      "type": "google_compute_subnetwork",
      "name": "subnet",
      "provider": "provider[\"registry.terraform.io/hashicorp/google\"]",
      "instances": [
        {
          "schema_version": 0,
          "attributes": {
            "creation_timestamp": "2023-01-26T06:14:16.673-08:00",
            "description": "",
            "external_ipv6_prefix": "",
            "fingerprint": null,
            "gateway_address": "10.0.1.1",
            "id": "projects/mahmoud-ibrahim-2-project/regions/us-central1/subnetworks/management-subnet",
            "ip_cidr_range": "10.0.1.0/24",
            "ipv6_access_type": "",
            "ipv6_cidr_range": "",
            "log_config": [],
            "name": "management-subnet",
            "network": "https://www.googleapis.com/compute/v1/projects/mahmoud-ibrahim-2-project/global/networks/vpc-1",
            "private_ip_google_access": true,
            "private_ipv6_google_access": "DISABLE_GOOGLE_ACCESS",
            "project": "mahmoud-ibrahim-2-project",
            "purpose": "PRIVATE",
            "region": "us-central1",
            "role": "",
            "secondary_ip_range": [],
            "self_link": "https://www.googleapis.com/compute/v1/projects/mahmoud-ibrahim-2-project/regions/us-central1/subnetworks/management-subnet",
            "stack_type": "IPV4_ONLY",
            "timeouts": null
          },
          "sensitive_attributes": [],
          "private": "eyJlMmJmYjczMC1lY2FhLTExZTYtOGY4OC0zNDM2M2JjN2M0YzAiOnsiY3JlYXRlIjoxMjAwMDAwMDAwMDAwLCJkZWxldGUiOjEyMDAwMDAwMDAwMDAsInVwZGF0ZSI6MTIwMDAwMDAwMDAwMH19"
        }
      ]
    },
    {
      "module": "module.google_restricted-subnet",
      "mode": "managed",
      "type": "google_compute_subnetwork",
      "name": "subnet",
      "provider": "provider[\"registry.terraform.io/hashicorp/google\"]",
      "instances": [
        {
          "schema_version": 0,
          "attributes": {
            "creation_timestamp": "2023-01-26T06:14:17.727-08:00",
            "description": "",
            "external_ipv6_prefix": "",
            "fingerprint": null,
            "gateway_address": "10.0.2.1",
            "id": "projects/mahmoud-ibrahim-2-project/regions/us-central1/subnetworks/restricted-subnet",
            "ip_cidr_range": "10.0.2.0/24",
            "ipv6_access_type": "",
            "ipv6_cidr_range": "",
            "log_config": [],
            "name": "restricted-subnet",
            "network": "https://www.googleapis.com/compute/v1/projects/mahmoud-ibrahim-2-project/global/networks/vpc-1",
            "private_ip_google_access": true,
            "private_ipv6_google_access": "DISABLE_GOOGLE_ACCESS",
            "project": "mahmoud-ibrahim-2-project",
            "purpose": "PRIVATE",
            "region": "us-central1",
            "role": "",
            "secondary_ip_range": [],
            "self_link": "https://www.googleapis.com/compute/v1/projects/mahmoud-ibrahim-2-project/regions/us-central1/subnetworks/restricted-subnet",
            "stack_type": "IPV4_ONLY",
            "timeouts": null
          },
          "sensitive_attributes": [],
          "private": "eyJlMmJmYjczMC1lY2FhLTExZTYtOGY4OC0zNDM2M2JjN2M0YzAiOnsiY3JlYXRlIjoxMjAwMDAwMDAwMDAwLCJkZWxldGUiOjEyMDAwMDAwMDAwMDAsInVwZGF0ZSI6MTIwMDAwMDAwMDAwMH19"
        }
      ]
    },
    {
      "module": "module.google_routing",
      "mode": "managed",
      "type": "google_compute_router",
      "name": "router",
      "provider": "provider[\"registry.terraform.io/hashicorp/google\"]",
      "instances": [
        {
          "schema_version": 0,
          "attributes": {
            "bgp": [],
            "creation_timestamp": "2023-01-26T06:14:17.421-08:00",
            "description": "",
            "encrypted_interconnect_router": false,
            "id": "projects/mahmoud-ibrahim-2-project/regions/us-central1/routers/router",
            "name": "router",
            "network": "https://www.googleapis.com/compute/v1/projects/mahmoud-ibrahim-2-project/global/networks/vpc-1",
            "project": "mahmoud-ibrahim-2-project",
            "region": "us-central1",
            "self_link": "https://www.googleapis.com/compute/v1/projects/mahmoud-ibrahim-2-project/regions/us-central1/routers/router",
            "timeouts": null
          },
          "sensitive_attributes": [],
          "private": "eyJlMmJmYjczMC1lY2FhLTExZTYtOGY4OC0zNDM2M2JjN2M0YzAiOnsiY3JlYXRlIjoxMjAwMDAwMDAwMDAwLCJkZWxldGUiOjEyMDAwMDAwMDAwMDAsInVwZGF0ZSI6MTIwMDAwMDAwMDAwMH19"
        }
      ]
    },
    {
      "module": "module.google_routing",
      "mode": "managed",
      "type": "google_compute_router_nat",
      "name": "nat-rules",
      "provider": "provider[\"registry.terraform.io/hashicorp/google\"]",
      "instances": [
        {
          "schema_version": 0,
          "attributes": {
            "drain_nat_ips": [],
            "enable_dynamic_port_allocation": false,
            "enable_endpoint_independent_mapping": true,
            "icmp_idle_timeout_sec": 30,
            "id": "mahmoud-ibrahim-2-project/us-central1/router/nat-rules",
            "log_config": [
              {
                "enable": true,
                "filter": "ERRORS_ONLY"
              }
            ],
            "max_ports_per_vm": 0,
            "min_ports_per_vm": 0,
            "name": "nat-rules",
            "nat_ip_allocate_option": "AUTO_ONLY",
            "nat_ips": [],
            "project": "mahmoud-ibrahim-2-project",
            "region": "us-central1",
            "router": "router",
            "rules": [],
            "source_subnetwork_ip_ranges_to_nat": "LIST_OF_SUBNETWORKS",
            "subnetwork": [
              {
                "name": "https://www.googleapis.com/compute/v1/projects/mahmoud-ibrahim-2-project/regions/us-central1/subnetworks/restricted-subnet",
                "secondary_ip_range_names": [],
                "source_ip_ranges_to_nat": [
                  "ALL_IP_RANGES"
                ]
              }
            ],
            "tcp_established_idle_timeout_sec": 1200,
            "tcp_transitory_idle_timeout_sec": 30,
            "timeouts": null,
            "udp_idle_timeout_sec": 30
          },
          "sensitive_attributes": [],
          "private": "eyJlMmJmYjczMC1lY2FhLTExZTYtOGY4OC0zNDM2M2JjN2M0YzAiOnsiY3JlYXRlIjoxMjAwMDAwMDAwMDAwLCJkZWxldGUiOjEyMDAwMDAwMDAwMDAsInVwZGF0ZSI6MTIwMDAwMDAwMDAwMH19",
          "dependencies": [
            "module.google_routing.google_compute_router.router"
          ]
        }
      ]
    },
    {
      "module": "module.google_service-account",
      "mode": "managed",
      "type": "google_project_iam_binding",
      "name": "iam-bendig-1",
      "provider": "provider[\"registry.terraform.io/hashicorp/google\"]",
      "instances": [
        {
          "schema_version": 0,
          "attributes": {
            "condition": [],
            "etag": "BwXzK1BHA+0=",
            "id": "mahmoud-ibrahim-2-project/roles/storage.admin",
            "members": [
              "serviceAccount:service-account@mahmoud-ibrahim-2-project.iam.gserviceaccount.com"
            ],
            "project": "mahmoud-ibrahim-2-project",
            "role": "roles/storage.admin"
          },
          "sensitive_attributes": [],
          "private": "bnVsbA==",
          "dependencies": [
            "module.google_service-account.google_service_account.service-account"
          ]
        }
      ]
    },
    {
      "module": "module.google_service-account",
      "mode": "managed",
      "type": "google_project_iam_binding",
      "name": "iam-bending-2",
      "provider": "provider[\"registry.terraform.io/hashicorp/google\"]",
      "instances": [
        {
          "schema_version": 0,
          "attributes": {
            "condition": [],
            "etag": "BwXzK1BHA+0=",
            "id": "mahmoud-ibrahim-2-project/projects/mahmoud-ibrahim-2-project/roles/iam_role",
            "members": [
              "serviceAccount:service-account@mahmoud-ibrahim-2-project.iam.gserviceaccount.com"
            ],
            "project": "mahmoud-ibrahim-2-project",
            "role": "projects/mahmoud-ibrahim-2-project/roles/iam_role"
          },
          "sensitive_attributes": [],
          "private": "bnVsbA==",
          "dependencies": [
            "module.google_service-account.google_project_iam_custom_role.iam-role",
            "module.google_service-account.google_service_account.service-account"
          ]
        }
      ]
    },
    {
      "module": "module.google_service-account",
      "mode": "managed",
      "type": "google_project_iam_custom_role",
      "name": "iam-role",
      "provider": "provider[\"registry.terraform.io/hashicorp/google\"]",
      "instances": [
        {
          "schema_version": 0,
          "attributes": {
            "deleted": false,
            "description": "",
            "id": "projects/mahmoud-ibrahim-2-project/roles/iam_role",
            "name": "projects/mahmoud-ibrahim-2-project/roles/iam_role",
            "permissions": [
              "container.clusters.get",
              "container.clusters.getCredentials",
              "container.clusters.list",
              "container.deployments.create",
              "container.deployments.get",
              "container.deployments.list",
              "container.nodes.list",
              "container.pods.list",
              "container.services.create",
              "container.services.get",
              "container.services.list",
              "resourcemanager.projects.get",
              "storage.buckets.get",
              "storage.buckets.list",
              "storage.objects.get",
              "storage.objects.list"
            ],
            "project": "mahmoud-ibrahim-2-project",
            "role_id": "iam_role",
            "stage": "GA",
            "title": "iam_role"
          },
          "sensitive_attributes": [],
          "private": "bnVsbA=="
        }
      ]
    },
    {
      "module": "module.google_service-account",
      "mode": "managed",
      "type": "google_service_account",
      "name": "service-account",
      "provider": "provider[\"registry.terraform.io/hashicorp/google\"]",
      "instances": [
        {
          "schema_version": 0,
          "attributes": {
            "account_id": "service-account",
            "description": "",
            "disabled": false,
            "display_name": "",
            "email": "service-account@mahmoud-ibrahim-2-project.iam.gserviceaccount.com",
            "id": "projects/mahmoud-ibrahim-2-project/serviceAccounts/service-account@mahmoud-ibrahim-2-project.iam.gserviceaccount.com",
            "member": "serviceAccount:service-account@mahmoud-ibrahim-2-project.iam.gserviceaccount.com",
            "name": "projects/mahmoud-ibrahim-2-project/serviceAccounts/service-account@mahmoud-ibrahim-2-project.iam.gserviceaccount.com",
            "project": "mahmoud-ibrahim-2-project",
            "timeouts": null,
            "unique_id": "111352029192906757172"
          },
          "sensitive_attributes": [],
          "private": "eyJlMmJmYjczMC1lY2FhLTExZTYtOGY4OC0zNDM2M2JjN2M0YzAiOnsiY3JlYXRlIjozMDAwMDAwMDAwMDB9fQ=="
        }
      ]
    },
    {
      "module": "module.google_vpc",
      "mode": "managed",
      "type": "google_compute_firewall",
      "name": "firewall",
      "provider": "provider[\"registry.terraform.io/hashicorp/google\"]",
      "instances": [
        {
          "schema_version": 1,
          "attributes": {
            "allow": [
              {
                "ports": [
                  "22",
                  "80"
                ],
                "protocol": "tcp"
              }
            ],
            "creation_timestamp": "2023-01-26T06:10:45.767-08:00",
            "deny": [],
            "description": "",
            "destination_ranges": [],
            "direction": "INGRESS",
            "disabled": false,
            "enable_logging": null,
            "id": "projects/mahmoud-ibrahim-2-project/global/firewalls/firewall",
            "log_config": [],
            "name": "firewall",
            "network": "https://www.googleapis.com/compute/v1/projects/mahmoud-ibrahim-2-project/global/networks/vpc-1",
            "priority": 1000,
            "project": "mahmoud-ibrahim-2-project",
            "self_link": "https://www.googleapis.com/compute/v1/projects/mahmoud-ibrahim-2-project/global/firewalls/firewall",
            "source_ranges": [
              "0.0.0.0/0"
            ],
            "source_service_accounts": [],
            "source_tags": [],
            "target_service_accounts": [],
            "target_tags": [],
            "timeouts": null
          },
          "sensitive_attributes": [],
          "private": "eyJlMmJmYjczMC1lY2FhLTExZTYtOGY4OC0zNDM2M2JjN2M0YzAiOnsiY3JlYXRlIjoxMjAwMDAwMDAwMDAwLCJkZWxldGUiOjEyMDAwMDAwMDAwMDAsInVwZGF0ZSI6MTIwMDAwMDAwMDAwMH0sInNjaGVtYV92ZXJzaW9uIjoiMSJ9",
          "dependencies": [
            "module.google_vpc.google_compute_network.vpc-1"
          ]
        }
      ]
    },
    {
      "module": "module.google_vpc",
      "mode": "managed",
      "type": "google_compute_network",
      "name": "vpc-1",
      "provider": "provider[\"registry.terraform.io/hashicorp/google\"]",
      "instances": [
        {
          "schema_version": 0,
          "attributes": {
            "auto_create_subnetworks": false,
            "delete_default_routes_on_create": false,
            "description": "",
            "enable_ula_internal_ipv6": false,
            "gateway_ipv4": "",
            "id": "projects/mahmoud-ibrahim-2-project/global/networks/vpc-1",
            "internal_ipv6_range": "",
            "mtu": 0,
            "name": "vpc-1",
            "project": "mahmoud-ibrahim-2-project",
            "routing_mode": "REGIONAL",
            "self_link": "https://www.googleapis.com/compute/v1/projects/mahmoud-ibrahim-2-project/global/networks/vpc-1",
            "timeouts": null
          },
          "sensitive_attributes": [],
          "private": "eyJlMmJmYjczMC1lY2FhLTExZTYtOGY4OC0zNDM2M2JjN2M0YzAiOnsiY3JlYXRlIjoxMjAwMDAwMDAwMDAwLCJkZWxldGUiOjEyMDAwMDAwMDAwMDAsInVwZGF0ZSI6MTIwMDAwMDAwMDAwMH19"
        }
      ]
    }
  ],
  "check_results": null
}
