{
  "version": 4,
  "terraform_version": "1.3.7",
  "serial": 19,
  "lineage": "eb579797-9744-80aa-3783-392abb19f0e5",
  "outputs": {},
  "resources": [
    {
      "module": "module.google_GKE-cluster",
      "mode": "managed",
      "type": "google_container_cluster",
      "name": "private-cluster",
      "provider": "provider[\"registry.terraform.io/hashicorp/google\"]",
      "instances": [
        {
          "schema_version": 1,
          "attributes": {
            "addons_config": [
              {
                "cloudrun_config": [],
                "dns_cache_config": [],
                "gce_persistent_disk_csi_driver_config": [
                  {
                    "enabled": true
                  }
                ],
                "gcp_filestore_csi_driver_config": [],
                "gke_backup_agent_config": [],
                "horizontal_pod_autoscaling": [],
                "http_load_balancing": [],
                "network_policy_config": [
                  {
                    "disabled": true
                  }
                ]
              }
            ],
            "authenticator_groups_config": [],
            "binary_authorization": [
              {
                "enabled": false,
                "evaluation_mode": ""
              }
            ],
            "cluster_autoscaling": [
              {
                "auto_provisioning_defaults": [],
                "enabled": false,
                "resource_limits": []
              }
            ],
            "cluster_ipv4_cidr": "10.164.0.0/14",
            "confidential_nodes": [],
            "cost_management_config": [],
            "database_encryption": [
              {
                "key_name": "",
                "state": "DECRYPTED"
              }
            ],
            "datapath_provider": "",
            "default_max_pods_per_node": 110,
            "default_snat_status": [
              {
                "disabled": false
              }
            ],
            "description": "",
            "dns_config": [],
            "enable_autopilot": false,
            "enable_binary_authorization": false,
            "enable_intranode_visibility": false,
            "enable_kubernetes_alpha": false,
            "enable_l4_ilb_subsetting": false,
            "enable_legacy_abac": false,
            "enable_shielded_nodes": true,
            "enable_tpu": false,
            "endpoint": "172.16.0.2",
            "gateway_api_config": [],
            "id": "projects/mahmoud-ibrahim-2-project/locations/us-central1-b/clusters/private-cluster",
            "initial_node_count": 1,
            "ip_allocation_policy": [
              {
                "cluster_ipv4_cidr_block": "10.164.0.0/14",
                "cluster_secondary_range_name": "gke-private-cluster-pods-7f325608",
                "services_ipv4_cidr_block": "10.168.0.0/20",
                "services_secondary_range_name": "gke-private-cluster-services-7f325608"
              }
            ],
            "label_fingerprint": "a9dc16a7",
            "location": "us-central1-b",
            "logging_config": [
              {
                "enable_components": [
                  "SYSTEM_COMPONENTS",
                  "WORKLOADS"
                ]
              }
            ],
            "logging_service": "logging.googleapis.com/kubernetes",
            "maintenance_policy": [],
            "master_auth": [
              {
                "client_certificate": "",
                "client_certificate_config": [
                  {
                    "issue_client_certificate": false
                  }
                ],
                "client_key": "",
                "cluster_ca_certificate": "LS0tLS1CRUdJTiBDRVJUSUZJQ0FURS0tLS0tCk1JSUVMRENDQXBTZ0F3SUJBZ0lRT1poeU1NTFBGSnUyMGdzQXpORlJ4VEFOQmdrcWhraUc5dzBCQVFzRkFEQXYKTVMwd0t3WURWUVFERXlRNE5UUXdNREppT1MwMVpURmxMVFEzT0dZdE9UbGpOUzB5WlRVd016RmpZek00TnpBdwpJQmNOTWpNd01USTJNVGsxTURRNFdoZ1BNakExTXpBeE1UZ3lNRFV3TkRoYU1DOHhMVEFyQmdOVkJBTVRKRGcxCk5EQXdNbUk1TFRWbE1XVXRORGM0WmkwNU9XTTFMVEpsTlRBek1XTmpNemczTURDQ0FhSXdEUVlKS29aSWh2Y04KQVFFQkJRQURnZ0dQQURDQ0FZb0NnZ0dCQUwzcU91cTFYV3U4czY5WEZrRGpKVWVsSG04Wm9CL2oxenZrVk92egpTRjUxQ2RjZlVIU2NWNHg5LzIyZFpISDAxeG5WYXZBajNHQnl3dnpjS25aekNTUW5INm5PU3J3aStQdnNDdUVwCkhNQ0pJNlI0VmM0ME42V2RIKzJvNXJvM3d0QUZaWWZYV2V3dnVCeU1zNXpuMEowRkZLSmRnRy9qc2JQTlE1dVgKZ3VHdWp4MWJ1SFd3NVRXVlBKaEdLa3JUZ29yRGJ2WEJPNE84Y05ia00zT3ZQU1NFcEUzRnhKNHMxaU1sajdxbgo4U0YrRHQ0Z05lL3RzUXRxMzhycDhNaUJxUmxocXNYd1I3TU1Eb0haQUFpbW5rWUsxbUFJQm1YMXU0aGZieWVCCnZvcDRBUjdJVVZmSXBnWW9RVW95bmptc1p0TVJteFFWMTB1TXVyazQ3M05ldWtWWTE0ZTY1S1YvT0JlNm1EZFgKUWJ6ZHUxa0h2N1REK01ZakhqWkxkMjRIU3BacXVjNW9LNGNCa1FXMUwvdjZ3bHFOMTAyN1NVZjVFaGQ0RjBsTQpuUUZLTVlNK3VLZnZXZkdFa3VrMGxwVnN5YUpYdFdFeTB4TjY4QndETHJDL3ZCVmE2ZnRwMDMzeUd3MlEyYXBJClJpelhHcGhaQzVncnFBZjlJMmRuUmhKYS9RSURBUUFCbzBJd1FEQU9CZ05WSFE4QkFmOEVCQU1DQWdRd0R3WUQKVlIwVEFRSC9CQVV3QXdFQi96QWRCZ05WSFE0RUZnUVVOcUViUlpGMStjaEJqYVUvQ3ZZbysrUUFYc0l3RFFZSgpLb1pJaHZjTkFRRUxCUUFEZ2dHQkFFeDhPcSt2K21OcTU0am00UXRIVEZqT1JvTmJHN2p4M1FYK3h1all0ZTVvCkxPOHRqZ2dEZGp3VFhCL0lkQmQyR3B0R0ZqNlJJcmxlNlh3RCtFWXd6bkUvdTF1bHRqeWFRUklCTTdNKzU1RlYKQVB3WDVoNWVMeXpCLyswamJPQ1JUNjEwMHNRMm95SzNnWjRVUmhJM3JsZ29lemRRVWVkSmJNNkc3RHRkWkhxLwpVOHNMb2VQTU1ZbkwxZ0hlQkdjTjNYZWNCTnIvYU95YTlUb2RDWTNLWG5OM2ljRE5jZ0hKTXNNR1dqK3NvUVRRCmFtc2JEMUNST1BSdytTY0ZiMlhwbWFaSjNiQm5NWEpUSWRiZ1lTMzhnWEtXL0gvWVpBMGc0dTJKd20vL05kc2IKWS8rNGhvc3gvSXVLQ2xkNkE3VXVwOE5RZHptaVo4V2wweVFhamVJMDJnaWtJT3J3bk82bVBrUFUxUlhwRlNvSApYdlNESDlGazd3Vk1ZK3N4SHJ1elp5TGl3VUd5bnRSb3U4ekdVUmlIRm9mMVdXY0M4VWFtaXZ6cDF1WndTcCtpCitUQnFGU1ladEkya1hDeThQZituZHd4Mm04ektMMlhibmtLTjlkSHQxS2xuZ1BqQXdERUt1NWVVSUtZVDJHaXIKcjNIV3d6M2F3b2FLajFQcXV0U21Cdz09Ci0tLS0tRU5EIENFUlRJRklDQVRFLS0tLS0K"
              }
            ],
            "master_authorized_networks_config": [
              {
                "cidr_blocks": [
                  {
                    "cidr_block": "10.0.1.0/24",
                    "display_name": ""
                  }
                ],
                "gcp_public_cidrs_access_enabled": false
              }
            ],
            "master_version": "1.24.8-gke.2000",
            "mesh_certificates": [],
            "min_master_version": null,
            "monitoring_config": [
              {
                "enable_components": [
                  "SYSTEM_COMPONENTS"
                ],
                "managed_prometheus": []
              }
            ],
            "monitoring_service": "monitoring.googleapis.com/kubernetes",
            "name": "private-cluster",
            "network": "projects/mahmoud-ibrahim-2-project/global/networks/vpc-1",
            "network_policy": [
              {
                "enabled": false,
                "provider": "PROVIDER_UNSPECIFIED"
              }
            ],
            "networking_mode": "VPC_NATIVE",
            "node_config": [],
            "node_locations": [],
            "node_pool": [],
            "node_pool_defaults": [
              {
                "node_config_defaults": [
                  {
                    "logging_variant": "DEFAULT"
                  }
                ]
              }
            ],
            "node_version": "1.24.8-gke.2000",
            "notification_config": [
              {
                "pubsub": [
                  {
                    "enabled": false,
                    "filter": [],
                    "topic": ""
                  }
                ]
              }
            ],
            "operation": null,
            "private_cluster_config": [
              {
                "enable_private_endpoint": true,
                "enable_private_nodes": true,
                "master_global_access_config": [
                  {
                    "enabled": false
                  }
                ],
                "master_ipv4_cidr_block": "172.16.0.0/28",
                "peering_name": "gke-n24deb51ae8efe5ed45b-2ad5-bd00-peer",
                "private_endpoint": "172.16.0.2",
                "private_endpoint_subnetwork": "",
                "public_endpoint": "34.28.240.247"
              }
            ],
            "private_ipv6_google_access": "",
            "project": "mahmoud-ibrahim-2-project",
            "release_channel": [
              {
                "channel": "REGULAR"
              }
            ],
            "remove_default_node_pool": true,
            "resource_labels": null,
            "resource_usage_export_config": [],
            "self_link": "https://container.googleapis.com/v1/projects/mahmoud-ibrahim-2-project/zones/us-central1-b/clusters/private-cluster",
            "service_external_ips_config": [
              {
                "enabled": false
              }
            ],
            "services_ipv4_cidr": "10.168.0.0/20",
            "subnetwork": "projects/mahmoud-ibrahim-2-project/regions/us-central1/subnetworks/restricted-subnet",
            "timeouts": null,
            "tpu_ipv4_cidr_block": "",
            "vertical_pod_autoscaling": [],
            "workload_identity_config": []
          },
          "sensitive_attributes": [],
          "private": "eyJlMmJmYjczMC1lY2FhLTExZTYtOGY4OC0zNDM2M2JjN2M0YzAiOnsiY3JlYXRlIjoyNDAwMDAwMDAwMDAwLCJkZWxldGUiOjI0MDAwMDAwMDAwMDAsInJlYWQiOjI0MDAwMDAwMDAwMDAsInVwZGF0ZSI6MzYwMDAwMDAwMDAwMH0sInNjaGVtYV92ZXJzaW9uIjoiMSJ9",
          "dependencies": [
            "module.google_restricted-subnet.google_compute_subnetwork.subnet",
            "module.google_service-account.google_service_account.service-account",
            "module.google_vpc.google_compute_network.vpc-1"
          ]
        }
      ]
    },
    {
      "module": "module.google_GKE-cluster",
      "mode": "managed",
      "type": "google_container_node_pool",
      "name": "private-cluster_node_pool",
      "provider": "provider[\"registry.terraform.io/hashicorp/google\"]",
      "instances": [
        {
          "schema_version": 1,
          "attributes": {
            "autoscaling": [],
            "cluster": "private-cluster",
            "id": "projects/mahmoud-ibrahim-2-project/locations/us-central1-b/clusters/private-cluster/nodePools/private-cluster--node-pool",
            "initial_node_count": 1,
            "instance_group_urls": [
              "https://www.googleapis.com/compute/v1/projects/mahmoud-ibrahim-2-project/zones/us-central1-b/instanceGroupManagers/gke-private-cluster-private-cluster---1d030cc8-grp"
            ],
            "location": "us-central1-b",
            "managed_instance_group_urls": [
              "https://www.googleapis.com/compute/v1/projects/mahmoud-ibrahim-2-project/zones/us-central1-b/instanceGroups/gke-private-cluster-private-cluster---1d030cc8-grp"
            ],
            "management": [
              {
                "auto_repair": true,
                "auto_upgrade": true
              }
            ],
            "max_pods_per_node": 110,
            "name": "private-cluster--node-pool",
            "name_prefix": "",
            "network_config": [
              {
                "create_pod_range": false,
                "enable_private_nodes": false,
                "pod_ipv4_cidr_block": "10.164.0.0/14",
                "pod_range": "gke-private-cluster-pods-7f325608"
              }
            ],
            "node_config": [
              {
                "boot_disk_kms_key": "",
                "disk_size_gb": 100,
                "disk_type": "pd-balanced",
                "gcfs_config": [],
                "guest_accelerator": [],
                "gvnic": [],
                "image_type": "COS_CONTAINERD",
                "kubelet_config": [],
                "labels": {},
                "linux_node_config": [],
                "local_ssd_count": 0,
                "logging_variant": "DEFAULT",
                "machine_type": "e2-micro",
                "metadata": {
                  "disable-legacy-endpoints": "true"
                },
                "min_cpu_platform": "",
                "node_group": "",
                "oauth_scopes": [
                  "https://www.googleapis.com/auth/cloud-platform"
                ],
                "preemptible": true,
                "reservation_affinity": [],
                "resource_labels": null,
                "service_account": "service-account@mahmoud-ibrahim-2-project.iam.gserviceaccount.com",
                "shielded_instance_config": [
                  {
                    "enable_integrity_monitoring": true,
                    "enable_secure_boot": false
                  }
                ],
                "spot": false,
                "tags": null,
                "taint": [],
                "workload_metadata_config": []
              }
            ],
            "node_count": 1,
            "node_locations": [
              "us-central1-b"
            ],
            "operation": null,
            "placement_policy": [],
            "project": "mahmoud-ibrahim-2-project",
            "timeouts": null,
            "upgrade_settings": [
              {
                "blue_green_settings": [],
                "max_surge": 1,
                "max_unavailable": 0,
                "strategy": "SURGE"
              }
            ],
            "version": "1.24.8-gke.2000"
          },
          "sensitive_attributes": [],
          "private": "eyJlMmJmYjczMC1lY2FhLTExZTYtOGY4OC0zNDM2M2JjN2M0YzAiOnsiY3JlYXRlIjoxODAwMDAwMDAwMDAwLCJkZWxldGUiOjE4MDAwMDAwMDAwMDAsInVwZGF0ZSI6MTgwMDAwMDAwMDAwMH0sInNjaGVtYV92ZXJzaW9uIjoiMSJ9",
          "dependencies": [
            "module.google_GKE-cluster.google_container_cluster.private-cluster",
            "module.google_restricted-subnet.google_compute_subnetwork.subnet",
            "module.google_service-account.google_service_account.service-account",
            "module.google_vpc.google_compute_network.vpc-1"
          ]
        }
      ]
    },
    {
      "module": "module.google_management-subnet",
      "mode": "managed",
      "type": "google_compute_subnetwork",
      "name": "subnet",
      "provider": "provider[\"registry.terraform.io/hashicorp/google\"]",
      "instances": [
        {
          "schema_version": 0,
          "attributes": {
            "creation_timestamp": "2023-01-26T12:50:35.704-08:00",
            "description": "",
            "external_ipv6_prefix": "",
            "fingerprint": null,
            "gateway_address": "10.0.1.1",
            "id": "projects/mahmoud-ibrahim-2-project/regions/us-central1/subnetworks/management-subnet",
            "ip_cidr_range": "10.0.1.0/24",
            "ipv6_access_type": "",
            "ipv6_cidr_range": "",
            "log_config": [],
            "name": "management-subnet",
            "network": "https://www.googleapis.com/compute/v1/projects/mahmoud-ibrahim-2-project/global/networks/vpc-1",
            "private_ip_google_access": true,
            "private_ipv6_google_access": "DISABLE_GOOGLE_ACCESS",
            "project": "mahmoud-ibrahim-2-project",
            "purpose": "PRIVATE",
            "region": "us-central1",
            "role": "",
            "secondary_ip_range": [],
            "self_link": "https://www.googleapis.com/compute/v1/projects/mahmoud-ibrahim-2-project/regions/us-central1/subnetworks/management-subnet",
            "stack_type": "IPV4_ONLY",
            "timeouts": null
          },
          "sensitive_attributes": [],
          "private": "eyJlMmJmYjczMC1lY2FhLTExZTYtOGY4OC0zNDM2M2JjN2M0YzAiOnsiY3JlYXRlIjoxMjAwMDAwMDAwMDAwLCJkZWxldGUiOjEyMDAwMDAwMDAwMDAsInVwZGF0ZSI6MTIwMDAwMDAwMDAwMH19",
          "dependencies": [
            "module.google_vpc.google_compute_network.vpc-1"
          ]
        }
      ]
    },
    {
      "module": "module.google_restricted-subnet",
      "mode": "managed",
      "type": "google_compute_subnetwork",
      "name": "subnet",
      "provider": "provider[\"registry.terraform.io/hashicorp/google\"]",
      "instances": [
        {
          "schema_version": 0,
          "attributes": {
            "creation_timestamp": "2023-01-26T12:50:35.791-08:00",
            "description": "",
            "external_ipv6_prefix": "",
            "fingerprint": null,
            "gateway_address": "10.0.2.1",
            "id": "projects/mahmoud-ibrahim-2-project/regions/us-central1/subnetworks/restricted-subnet",
            "ip_cidr_range": "10.0.2.0/24",
            "ipv6_access_type": "",
            "ipv6_cidr_range": "",
            "log_config": [],
            "name": "restricted-subnet",
            "network": "https://www.googleapis.com/compute/v1/projects/mahmoud-ibrahim-2-project/global/networks/vpc-1",
            "private_ip_google_access": true,
            "private_ipv6_google_access": "DISABLE_GOOGLE_ACCESS",
            "project": "mahmoud-ibrahim-2-project",
            "purpose": "PRIVATE",
            "region": "us-central1",
            "role": "",
            "secondary_ip_range": [],
            "self_link": "https://www.googleapis.com/compute/v1/projects/mahmoud-ibrahim-2-project/regions/us-central1/subnetworks/restricted-subnet",
            "stack_type": "IPV4_ONLY",
            "timeouts": null
          },
          "sensitive_attributes": [],
          "private": "eyJlMmJmYjczMC1lY2FhLTExZTYtOGY4OC0zNDM2M2JjN2M0YzAiOnsiY3JlYXRlIjoxMjAwMDAwMDAwMDAwLCJkZWxldGUiOjEyMDAwMDAwMDAwMDAsInVwZGF0ZSI6MTIwMDAwMDAwMDAwMH19",
          "dependencies": [
            "module.google_vpc.google_compute_network.vpc-1"
          ]
        }
      ]
    },
    {
      "module": "module.google_routing",
      "mode": "managed",
      "type": "google_compute_router",
      "name": "router",
      "provider": "provider[\"registry.terraform.io/hashicorp/google\"]",
      "instances": [
        {
          "schema_version": 0,
          "attributes": {
            "bgp": [],
            "creation_timestamp": "2023-01-26T12:50:35.017-08:00",
            "description": "",
            "encrypted_interconnect_router": false,
            "id": "projects/mahmoud-ibrahim-2-project/regions/us-central1/routers/router",
            "name": "router",
            "network": "https://www.googleapis.com/compute/v1/projects/mahmoud-ibrahim-2-project/global/networks/vpc-1",
            "project": "mahmoud-ibrahim-2-project",
            "region": "us-central1",
            "self_link": "https://www.googleapis.com/compute/v1/projects/mahmoud-ibrahim-2-project/regions/us-central1/routers/router",
            "timeouts": null
          },
          "sensitive_attributes": [],
          "private": "eyJlMmJmYjczMC1lY2FhLTExZTYtOGY4OC0zNDM2M2JjN2M0YzAiOnsiY3JlYXRlIjoxMjAwMDAwMDAwMDAwLCJkZWxldGUiOjEyMDAwMDAwMDAwMDAsInVwZGF0ZSI6MTIwMDAwMDAwMDAwMH19",
          "dependencies": [
            "module.google_vpc.google_compute_network.vpc-1"
          ]
        }
      ]
    },
    {
      "module": "module.google_routing",
      "mode": "managed",
      "type": "google_compute_router_nat",
      "name": "nat-rules",
      "provider": "provider[\"registry.terraform.io/hashicorp/google\"]",
      "instances": [
        {
          "schema_version": 0,
          "attributes": {
            "drain_nat_ips": null,
            "enable_dynamic_port_allocation": false,
            "enable_endpoint_independent_mapping": true,
            "icmp_idle_timeout_sec": 30,
            "id": "mahmoud-ibrahim-2-project/us-central1/router/nat-rules",
            "log_config": [
              {
                "enable": true,
                "filter": "ERRORS_ONLY"
              }
            ],
            "max_ports_per_vm": 0,
            "min_ports_per_vm": 0,
            "name": "nat-rules",
            "nat_ip_allocate_option": "AUTO_ONLY",
            "nat_ips": null,
            "project": "mahmoud-ibrahim-2-project",
            "region": "us-central1",
            "router": "router",
            "rules": [],
            "source_subnetwork_ip_ranges_to_nat": "LIST_OF_SUBNETWORKS",
            "subnetwork": [
              {
                "name": "projects/mahmoud-ibrahim-2-project/regions/us-central1/subnetworks/management-subnet",
                "secondary_ip_range_names": [],
                "source_ip_ranges_to_nat": [
                  "ALL_IP_RANGES"
                ]
              }
            ],
            "tcp_established_idle_timeout_sec": 1200,
            "tcp_transitory_idle_timeout_sec": 30,
            "timeouts": null,
            "udp_idle_timeout_sec": 30
          },
          "sensitive_attributes": [],
          "private": "eyJlMmJmYjczMC1lY2FhLTExZTYtOGY4OC0zNDM2M2JjN2M0YzAiOnsiY3JlYXRlIjoxMjAwMDAwMDAwMDAwLCJkZWxldGUiOjEyMDAwMDAwMDAwMDAsInVwZGF0ZSI6MTIwMDAwMDAwMDAwMH19",
          "dependencies": [
            "module.google_management-subnet.google_compute_subnetwork.subnet",
            "module.google_routing.google_compute_router.router",
            "module.google_vpc.google_compute_network.vpc-1"
          ]
        }
      ]
    },
    {
      "module": "module.google_service-account",
      "mode": "managed",
      "type": "google_project_iam_binding",
      "name": "iam-bendig-1",
      "provider": "provider[\"registry.terraform.io/hashicorp/google\"]",
      "instances": [
        {
          "schema_version": 0,
          "attributes": {
            "condition": [],
            "etag": "BwXzMJw1sw0=",
            "id": "mahmoud-ibrahim-2-project/roles/storage.admin",
            "members": [
              "serviceAccount:service-account@mahmoud-ibrahim-2-project.iam.gserviceaccount.com"
            ],
            "project": "mahmoud-ibrahim-2-project",
            "role": "roles/storage.admin"
          },
          "sensitive_attributes": [],
          "private": "bnVsbA==",
          "dependencies": [
            "module.google_service-account.google_service_account.service-account"
          ]
        }
      ]
    },
    {
      "module": "module.google_service-account",
      "mode": "managed",
      "type": "google_project_iam_binding",
      "name": "iam-bending-2",
      "provider": "provider[\"registry.terraform.io/hashicorp/google\"]",
      "instances": [
        {
          "schema_version": 0,
          "attributes": {
            "condition": [],
            "etag": "BwXzMJw1sw0=",
            "id": "mahmoud-ibrahim-2-project/projects/mahmoud-ibrahim-2-project/roles/iam_role",
            "members": [
              "serviceAccount:service-account@mahmoud-ibrahim-2-project.iam.gserviceaccount.com"
            ],
            "project": "mahmoud-ibrahim-2-project",
            "role": "projects/mahmoud-ibrahim-2-project/roles/iam_role"
          },
          "sensitive_attributes": [],
          "private": "bnVsbA==",
          "dependencies": [
            "module.google_service-account.google_project_iam_custom_role.iam-role",
            "module.google_service-account.google_service_account.service-account"
          ]
        }
      ]
    },
    {
      "module": "module.google_service-account",
      "mode": "managed",
      "type": "google_project_iam_custom_role",
      "name": "iam-role",
      "provider": "provider[\"registry.terraform.io/hashicorp/google\"]",
      "instances": [
        {
          "schema_version": 0,
          "attributes": {
            "deleted": false,
            "description": "",
            "id": "projects/mahmoud-ibrahim-2-project/roles/iam_role",
            "name": "projects/mahmoud-ibrahim-2-project/roles/iam_role",
            "permissions": [
              "container.clusters.get",
              "container.clusters.getCredentials",
              "container.clusters.list",
              "container.deployments.create",
              "container.deployments.get",
              "container.deployments.list",
              "container.nodes.list",
              "container.pods.list",
              "container.services.create",
              "container.services.get",
              "container.services.list",
              "resourcemanager.projects.get",
              "storage.buckets.get",
              "storage.buckets.list",
              "storage.objects.get",
              "storage.objects.list"
            ],
            "project": "mahmoud-ibrahim-2-project",
            "role_id": "iam_role",
            "stage": "GA",
            "title": "iam_role"
          },
          "sensitive_attributes": [],
          "private": "bnVsbA=="
        }
      ]
    },
    {
      "module": "module.google_service-account",
      "mode": "managed",
      "type": "google_service_account",
      "name": "service-account",
      "provider": "provider[\"registry.terraform.io/hashicorp/google\"]",
      "instances": [
        {
          "schema_version": 0,
          "attributes": {
            "account_id": "service-account",
            "description": "",
            "disabled": false,
            "display_name": "",
            "email": "service-account@mahmoud-ibrahim-2-project.iam.gserviceaccount.com",
            "id": "projects/mahmoud-ibrahim-2-project/serviceAccounts/service-account@mahmoud-ibrahim-2-project.iam.gserviceaccount.com",
            "member": "serviceAccount:service-account@mahmoud-ibrahim-2-project.iam.gserviceaccount.com",
            "name": "projects/mahmoud-ibrahim-2-project/serviceAccounts/service-account@mahmoud-ibrahim-2-project.iam.gserviceaccount.com",
            "project": "mahmoud-ibrahim-2-project",
            "timeouts": null,
            "unique_id": "117114564885682970249"
          },
          "sensitive_attributes": [],
          "private": "eyJlMmJmYjczMC1lY2FhLTExZTYtOGY4OC0zNDM2M2JjN2M0YzAiOnsiY3JlYXRlIjozMDAwMDAwMDAwMDB9fQ=="
        }
      ]
    },
    {
      "module": "module.google_vm",
      "mode": "managed",
      "type": "google_compute_instance",
      "name": "private-vm",
      "provider": "provider[\"registry.terraform.io/hashicorp/google\"]",
      "instances": [
        {
          "schema_version": 6,
          "attributes": {
            "advanced_machine_features": [],
            "allow_stopping_for_update": null,
            "attached_disk": [],
            "boot_disk": [
              {
                "auto_delete": true,
                "device_name": "persistent-disk-0",
                "disk_encryption_key_raw": "",
                "disk_encryption_key_sha256": "",
                "initialize_params": [
                  {
                    "image": "https://www.googleapis.com/compute/v1/projects/ubuntu-os-cloud/global/images/ubuntu-2204-jammy-v20230114",
                    "labels": {},
                    "size": 50,
                    "type": "pd-standard"
                  }
                ],
                "kms_key_self_link": "",
                "mode": "READ_WRITE",
                "source": "https://www.googleapis.com/compute/v1/projects/mahmoud-ibrahim-2-project/zones/us-central1-b/disks/private-vm"
              }
            ],
            "can_ip_forward": false,
            "confidential_instance_config": [],
            "cpu_platform": "Intel Broadwell",
            "current_status": "RUNNING",
            "deletion_protection": false,
            "description": "",
            "desired_status": null,
            "enable_display": false,
            "guest_accelerator": [],
            "hostname": "",
            "id": "projects/mahmoud-ibrahim-2-project/zones/us-central1-b/instances/private-vm",
            "instance_id": "3767442755706378566",
            "label_fingerprint": "42WmSpB8rSM=",
            "labels": null,
            "machine_type": "e2-micro",
            "metadata": null,
            "metadata_fingerprint": "OmUFhZg8C0c=",
            "metadata_startup_script": null,
            "min_cpu_platform": "",
            "name": "private-vm",
            "network_interface": [
              {
                "access_config": [],
                "alias_ip_range": [],
                "ipv6_access_config": [],
                "ipv6_access_type": "",
                "name": "nic0",
                "network": "https://www.googleapis.com/compute/v1/projects/mahmoud-ibrahim-2-project/global/networks/vpc-1",
                "network_ip": "10.0.1.2",
                "nic_type": "",
                "queue_count": 0,
                "stack_type": "IPV4_ONLY",
                "subnetwork": "https://www.googleapis.com/compute/v1/projects/mahmoud-ibrahim-2-project/regions/us-central1/subnetworks/management-subnet",
                "subnetwork_project": "mahmoud-ibrahim-2-project"
              }
            ],
            "project": "mahmoud-ibrahim-2-project",
            "reservation_affinity": [],
            "resource_policies": null,
            "scheduling": [
              {
                "automatic_restart": true,
                "instance_termination_action": "",
                "min_node_cpus": 0,
                "node_affinities": [],
                "on_host_maintenance": "MIGRATE",
                "preemptible": false,
                "provisioning_model": "STANDARD"
              }
            ],
            "scratch_disk": [],
            "self_link": "https://www.googleapis.com/compute/v1/projects/mahmoud-ibrahim-2-project/zones/us-central1-b/instances/private-vm",
            "service_account": [
              {
                "email": "service-account@mahmoud-ibrahim-2-project.iam.gserviceaccount.com",
                "scopes": [
                  "https://www.googleapis.com/auth/cloud-platform"
                ]
              }
            ],
            "shielded_instance_config": [
              {
                "enable_integrity_monitoring": true,
                "enable_secure_boot": false,
                "enable_vtpm": true
              }
            ],
            "tags": null,
            "tags_fingerprint": "42WmSpB8rSM=",
            "timeouts": null,
            "zone": "us-central1-b"
          },
          "sensitive_attributes": [],
          "private": "eyJlMmJmYjczMC1lY2FhLTExZTYtOGY4OC0zNDM2M2JjN2M0YzAiOnsiY3JlYXRlIjoxMjAwMDAwMDAwMDAwLCJkZWxldGUiOjEyMDAwMDAwMDAwMDAsInVwZGF0ZSI6MTIwMDAwMDAwMDAwMH0sInNjaGVtYV92ZXJzaW9uIjoiNiJ9",
          "dependencies": [
            "module.google_management-subnet.google_compute_subnetwork.subnet",
            "module.google_service-account.google_service_account.service-account",
            "module.google_vpc.google_compute_network.vpc-1"
          ]
        }
      ]
    },
    {
      "module": "module.google_vpc",
      "mode": "managed",
      "type": "google_compute_firewall",
      "name": "firewall",
      "provider": "provider[\"registry.terraform.io/hashicorp/google\"]",
      "instances": [
        {
          "schema_version": 1,
          "attributes": {
            "allow": [
              {
                "ports": [
                  "22",
                  "80"
                ],
                "protocol": "tcp"
              }
            ],
            "creation_timestamp": "2023-01-26T12:29:54.109-08:00",
            "deny": [],
            "description": "",
            "destination_ranges": [],
            "direction": "INGRESS",
            "disabled": false,
            "enable_logging": null,
            "id": "projects/mahmoud-ibrahim-2-project/global/firewalls/firewall",
            "log_config": [],
            "name": "firewall",
            "network": "https://www.googleapis.com/compute/v1/projects/mahmoud-ibrahim-2-project/global/networks/vpc-1",
            "priority": 1000,
            "project": "mahmoud-ibrahim-2-project",
            "self_link": "https://www.googleapis.com/compute/v1/projects/mahmoud-ibrahim-2-project/global/firewalls/firewall",
            "source_ranges": [
              "0.0.0.0/0"
            ],
            "source_service_accounts": [],
            "source_tags": [],
            "target_service_accounts": [],
            "target_tags": [],
            "timeouts": null
          },
          "sensitive_attributes": [],
          "private": "eyJlMmJmYjczMC1lY2FhLTExZTYtOGY4OC0zNDM2M2JjN2M0YzAiOnsiY3JlYXRlIjoxMjAwMDAwMDAwMDAwLCJkZWxldGUiOjEyMDAwMDAwMDAwMDAsInVwZGF0ZSI6MTIwMDAwMDAwMDAwMH0sInNjaGVtYV92ZXJzaW9uIjoiMSJ9",
          "dependencies": [
            "module.google_vpc.google_compute_network.vpc-1"
          ]
        }
      ]
    },
    {
      "module": "module.google_vpc",
      "mode": "managed",
      "type": "google_compute_network",
      "name": "vpc-1",
      "provider": "provider[\"registry.terraform.io/hashicorp/google\"]",
      "instances": [
        {
          "schema_version": 0,
          "attributes": {
            "auto_create_subnetworks": false,
            "delete_default_routes_on_create": false,
            "description": "",
            "enable_ula_internal_ipv6": false,
            "gateway_ipv4": "",
            "id": "projects/mahmoud-ibrahim-2-project/global/networks/vpc-1",
            "internal_ipv6_range": "",
            "mtu": 0,
            "name": "vpc-1",
            "project": "mahmoud-ibrahim-2-project",
            "routing_mode": "REGIONAL",
            "self_link": "https://www.googleapis.com/compute/v1/projects/mahmoud-ibrahim-2-project/global/networks/vpc-1",
            "timeouts": null
          },
          "sensitive_attributes": [],
          "private": "eyJlMmJmYjczMC1lY2FhLTExZTYtOGY4OC0zNDM2M2JjN2M0YzAiOnsiY3JlYXRlIjoxMjAwMDAwMDAwMDAwLCJkZWxldGUiOjEyMDAwMDAwMDAwMDAsInVwZGF0ZSI6MTIwMDAwMDAwMDAwMH19"
        }
      ]
    }
  ],
  "check_results": null
}
