{
  "version": 4,
  "terraform_version": "1.3.7",
  "serial": 11,
  "lineage": "eb579797-9744-80aa-3783-392abb19f0e5",
  "outputs": {},
  "resources": [
    {
      "module": "module.google_GKE-cluster",
      "mode": "managed",
      "type": "google_container_node_pool",
      "name": "private-cluster_node_pool",
      "provider": "provider[\"registry.terraform.io/hashicorp/google\"]",
      "instances": []
    },
    {
      "module": "module.google_routing",
      "mode": "managed",
      "type": "google_compute_router_nat",
      "name": "nat-rules",
      "provider": "provider[\"registry.terraform.io/hashicorp/google\"]",
      "instances": []
    },
    {
      "module": "module.google_service-account",
      "mode": "managed",
      "type": "google_project_iam_binding",
      "name": "iam-bendig-1",
      "provider": "provider[\"registry.terraform.io/hashicorp/google\"]",
      "instances": [
        {
          "schema_version": 0,
          "attributes": {
            "condition": [],
            "etag": "BwXzMJw1sw0=",
            "id": "mahmoud-ibrahim-2-project/roles/storage.admin",
            "members": [
              "serviceAccount:service-account@mahmoud-ibrahim-2-project.iam.gserviceaccount.com"
            ],
            "project": "mahmoud-ibrahim-2-project",
            "role": "roles/storage.admin"
          },
          "sensitive_attributes": [],
          "private": "bnVsbA==",
          "dependencies": [
            "module.google_service-account.google_service_account.service-account"
          ]
        }
      ]
    },
    {
      "module": "module.google_service-account",
      "mode": "managed",
      "type": "google_project_iam_binding",
      "name": "iam-bending-2",
      "provider": "provider[\"registry.terraform.io/hashicorp/google\"]",
      "instances": [
        {
          "schema_version": 0,
          "attributes": {
            "condition": [],
            "etag": "BwXzMJw1sw0=",
            "id": "mahmoud-ibrahim-2-project/projects/mahmoud-ibrahim-2-project/roles/iam_role",
            "members": [
              "serviceAccount:service-account@mahmoud-ibrahim-2-project.iam.gserviceaccount.com"
            ],
            "project": "mahmoud-ibrahim-2-project",
            "role": "projects/mahmoud-ibrahim-2-project/roles/iam_role"
          },
          "sensitive_attributes": [],
          "private": "bnVsbA==",
          "dependencies": [
            "module.google_service-account.google_project_iam_custom_role.iam-role",
            "module.google_service-account.google_service_account.service-account"
          ]
        }
      ]
    },
    {
      "module": "module.google_service-account",
      "mode": "managed",
      "type": "google_project_iam_custom_role",
      "name": "iam-role",
      "provider": "provider[\"registry.terraform.io/hashicorp/google\"]",
      "instances": [
        {
          "schema_version": 0,
          "attributes": {
            "deleted": false,
            "description": "",
            "id": "projects/mahmoud-ibrahim-2-project/roles/iam_role",
            "name": "projects/mahmoud-ibrahim-2-project/roles/iam_role",
            "permissions": [
              "container.clusters.get",
              "container.clusters.getCredentials",
              "container.clusters.list",
              "container.deployments.create",
              "container.deployments.get",
              "container.deployments.list",
              "container.nodes.list",
              "container.pods.list",
              "container.services.create",
              "container.services.get",
              "container.services.list",
              "resourcemanager.projects.get",
              "storage.buckets.get",
              "storage.buckets.list",
              "storage.objects.get",
              "storage.objects.list"
            ],
            "project": "mahmoud-ibrahim-2-project",
            "role_id": "iam_role",
            "stage": "GA",
            "title": "iam_role"
          },
          "sensitive_attributes": [],
          "private": "bnVsbA=="
        }
      ]
    },
    {
      "module": "module.google_service-account",
      "mode": "managed",
      "type": "google_service_account",
      "name": "service-account",
      "provider": "provider[\"registry.terraform.io/hashicorp/google\"]",
      "instances": [
        {
          "schema_version": 0,
          "attributes": {
            "account_id": "service-account",
            "description": "",
            "disabled": false,
            "display_name": "",
            "email": "service-account@mahmoud-ibrahim-2-project.iam.gserviceaccount.com",
            "id": "projects/mahmoud-ibrahim-2-project/serviceAccounts/service-account@mahmoud-ibrahim-2-project.iam.gserviceaccount.com",
            "member": "serviceAccount:service-account@mahmoud-ibrahim-2-project.iam.gserviceaccount.com",
            "name": "projects/mahmoud-ibrahim-2-project/serviceAccounts/service-account@mahmoud-ibrahim-2-project.iam.gserviceaccount.com",
            "project": "mahmoud-ibrahim-2-project",
            "timeouts": null,
            "unique_id": "117114564885682970249"
          },
          "sensitive_attributes": [],
          "private": "eyJlMmJmYjczMC1lY2FhLTExZTYtOGY4OC0zNDM2M2JjN2M0YzAiOnsiY3JlYXRlIjozMDAwMDAwMDAwMDB9fQ=="
        }
      ]
    },
    {
      "module": "module.google_vm",
      "mode": "managed",
      "type": "google_compute_instance",
      "name": "private-vm",
      "provider": "provider[\"registry.terraform.io/hashicorp/google\"]",
      "instances": []
    },
    {
      "module": "module.google_vpc",
      "mode": "managed",
      "type": "google_compute_firewall",
      "name": "firewall",
      "provider": "provider[\"registry.terraform.io/hashicorp/google\"]",
      "instances": [
        {
          "schema_version": 1,
          "attributes": {
            "allow": [
              {
                "ports": [
                  "22",
                  "80"
                ],
                "protocol": "tcp"
              }
            ],
            "creation_timestamp": "2023-01-26T12:29:54.109-08:00",
            "deny": [],
            "description": "",
            "destination_ranges": [],
            "direction": "INGRESS",
            "disabled": false,
            "enable_logging": null,
            "id": "projects/mahmoud-ibrahim-2-project/global/firewalls/firewall",
            "log_config": [],
            "name": "firewall",
            "network": "https://www.googleapis.com/compute/v1/projects/mahmoud-ibrahim-2-project/global/networks/vpc-1",
            "priority": 1000,
            "project": "mahmoud-ibrahim-2-project",
            "self_link": "https://www.googleapis.com/compute/v1/projects/mahmoud-ibrahim-2-project/global/firewalls/firewall",
            "source_ranges": [
              "0.0.0.0/0"
            ],
            "source_service_accounts": null,
            "source_tags": null,
            "target_service_accounts": null,
            "target_tags": null,
            "timeouts": null
          },
          "sensitive_attributes": [],
          "private": "eyJlMmJmYjczMC1lY2FhLTExZTYtOGY4OC0zNDM2M2JjN2M0YzAiOnsiY3JlYXRlIjoxMjAwMDAwMDAwMDAwLCJkZWxldGUiOjEyMDAwMDAwMDAwMDAsInVwZGF0ZSI6MTIwMDAwMDAwMDAwMH0sInNjaGVtYV92ZXJzaW9uIjoiMSJ9",
          "dependencies": [
            "module.google_vpc.google_compute_network.vpc-1"
          ]
        }
      ]
    },
    {
      "module": "module.google_vpc",
      "mode": "managed",
      "type": "google_compute_network",
      "name": "vpc-1",
      "provider": "provider[\"registry.terraform.io/hashicorp/google\"]",
      "instances": [
        {
          "schema_version": 0,
          "attributes": {
            "auto_create_subnetworks": false,
            "delete_default_routes_on_create": false,
            "description": "",
            "enable_ula_internal_ipv6": false,
            "gateway_ipv4": "",
            "id": "projects/mahmoud-ibrahim-2-project/global/networks/vpc-1",
            "internal_ipv6_range": "",
            "mtu": 0,
            "name": "vpc-1",
            "project": "mahmoud-ibrahim-2-project",
            "routing_mode": "REGIONAL",
            "self_link": "https://www.googleapis.com/compute/v1/projects/mahmoud-ibrahim-2-project/global/networks/vpc-1",
            "timeouts": null
          },
          "sensitive_attributes": [],
          "private": "eyJlMmJmYjczMC1lY2FhLTExZTYtOGY4OC0zNDM2M2JjN2M0YzAiOnsiY3JlYXRlIjoxMjAwMDAwMDAwMDAwLCJkZWxldGUiOjEyMDAwMDAwMDAwMDAsInVwZGF0ZSI6MTIwMDAwMDAwMDAwMH19"
        }
      ]
    }
  ],
  "check_results": null
}
